
Microsoft Visual Studio Solution File, Format Version 12.00
# Visual Studio Version 17
VisualStudioVersion = 17.13.35931.197
MinimumVisualStudioVersion = 10.0.40219.1
Project("{FAE04EC0-301F-11D3-BF4B-00C04F79EFBC}") = "AluguelCarros.Api", "AluguelCarros.Api\AluguelCarros.Api.csproj", "{35F45D30-C466-4300-8B66-FD253BB20DF4}"
EndProject
Project("{FAE04EC0-301F-11D3-BF4B-00C04F79EFBC}") = "AluguelCarros.Domain", "AluguelCarros.Domain\AluguelCarros.Domain.csproj", "{C88FF5AD-33D4-4AE2-B455-7DE5D1A8B0EC}"
EndProject
Project("{FAE04EC0-301F-11D3-BF4B-00C04F79EFBC}") = "AluguelCarros.Infrastructure", "AluguelCarros.Infrastructure\AluguelCarros.Infrastructure.csproj", "{37EFDBE0-42F8-49F2-B17B-EC248010056B}"
EndProject
Project("{FAE04EC0-301F-11D3-BF4B-00C04F79EFBC}") = "AluguelCarros.Application", "AluguelCarros.Application\AluguelCarros.Application.csproj", "{88AA1661-BE66-A8AD-9FAB-7E3B3CBF4CD2}"
EndProject
Global
	GlobalSection(SolutionConfigurationPlatforms) = preSolution
		Debug|Any CPU = Debug|Any CPU
		Release|Any CPU = Release|Any CPU
	EndGlobalSection
	GlobalSection(ProjectConfigurationPlatforms) = postSolution
		{35F45D30-C466-4300-8B66-FD253BB20DF4}.Debug|Any CPU.ActiveCfg = Debug|Any CPU
		{35F45D30-C466-4300-8B66-FD253BB20DF4}.Debug|Any CPU.Build.0 = Debug|Any CPU
		{35F45D30-C466-4300-8B66-FD253BB20DF4}.Release|Any CPU.ActiveCfg = Release|Any CPU
		{35F45D30-C466-4300-8B66-FD253BB20DF4}.Release|Any CPU.Build.0 = Release|Any CPU
		{C88FF5AD-33D4-4AE2-B455-7DE5D1A8B0EC}.Debug|Any CPU.ActiveCfg = Debug|Any CPU
		{C88FF5AD-33D4-4AE2-B455-7DE5D1A8B0EC}.Debug|Any CPU.Build.0 = Debug|Any CPU
		{C88FF5AD-33D4-4AE2-B455-7DE5D1A8B0EC}.Release|Any CPU.ActiveCfg = Release|Any CPU
		{C88FF5AD-33D4-4AE2-B455-7DE5D1A8B0EC}.Release|Any CPU.Build.0 = Release|Any CPU
		{37EFDBE0-42F8-49F2-B17B-EC248010056B}.Debug|Any CPU.ActiveCfg = Debug|Any CPU
		{37EFDBE0-42F8-49F2-B17B-EC248010056B}.Debug|Any CPU.Build.0 = Debug|Any CPU
		{37EFDBE0-42F8-49F2-B17B-EC248010056B}.Release|Any CPU.ActiveCfg = Release|Any CPU
		{37EFDBE0-42F8-49F2-B17B-EC248010056B}.Release|Any CPU.Build.0 = Release|Any CPU
		{88AA1661-BE66-A8AD-9FAB-7E3B3CBF4CD2}.Debug|Any CPU.ActiveCfg = Debug|Any CPU
		{88AA1661-BE66-A8AD-9FAB-7E3B3CBF4CD2}.Debug|Any CPU.Build.0 = Debug|Any CPU
		{88AA1661-BE66-A8AD-9FAB-7E3B3CBF4CD2}.Release|Any CPU.ActiveCfg = Release|Any CPU
		{88AA1661-BE66-A8AD-9FAB-7E3B3CBF4CD2}.Release|Any CPU.Build.0 = Release|Any CPU
	EndGlobalSection
	GlobalSection(SolutionProperties) = preSolution
		HideSolutionNode = FALSE
	EndGlobalSection
	GlobalSection(ExtensibilityGlobals) = postSolution
		SolutionGuid = {DDF4A843-A636-47E4-9E0E-EC460DEDAC8A}
	EndGlobalSection
EndGlobal
